
Microsoft Visual Studio Solution File, Format Version 12.00
# Visual Studio 2012
Project("{8BC9CEB8-8B4A-11D0-8D11-00A0C91BC942}") = "CS171Lab3", "CS171Lab3\CS171Lab3.vcxproj", "{3FB16C27-25B1-451E-9361-993855311FAD}"
EndProject
Global
	GlobalSection(SolutionConfigurationPlatforms) = preSolution
		Debug|Win32 = Debug|Win32
		Release|Win32 = Release|Win32
	EndGlobalSection
	GlobalSection(ProjectConfigurationPlatforms) = postSolution
		{3FB16C27-25B1-451E-9361-993855311FAD}.Debug|Win32.ActiveCfg = Debug|Win32
		{3FB16C27-25B1-451E-9361-993855311FAD}.Debug|Win32.Build.0 = Debug|Win32
		{3FB16C27-25B1-451E-9361-993855311FAD}.Release|Win32.ActiveCfg = Release|Win32
		{3FB16C27-25B1-451E-9361-993855311FAD}.Release|Win32.Build.0 = Release|Win32
	EndGlobalSection
	GlobalSection(SolutionProperties) = preSolution
		HideSolutionNode = FALSE
	EndGlobalSection
EndGlobal
